
Microsoft Visual Studio Solution File, Format Version 12.00
# Visual Studio Version 17
VisualStudioVersion = 17.6.33723.286
MinimumVisualStudioVersion = 10.0.40219.1
Project("{9A19103F-16F7-4668-BE54-9A1E7A4F7556}") = "SanitationPortal", "SanitationPortal\SanitationPortal.csproj", "{7575AAF2-57A5-41E1-B957-A732FF366682}"
EndProject
Project("{9A19103F-16F7-4668-BE54-9A1E7A4F7556}") = "SanitationPortal.Models", "SanitationPortal.Models\SanitationPortal.Models.csproj", "{9495CC7C-5C9E-48B1-848A-965F1D7E40C6}"
EndProject
Project("{9A19103F-16F7-4668-BE54-9A1E7A4F7556}") = "SanitationPortal.Data", "SanitationPortal.Data\SanitationPortal.Data.csproj", "{5A0B08B6-F60B-4644-834A-4E35FF4E3BE2}"
EndProject
Project("{9A19103F-16F7-4668-BE54-9A1E7A4F7556}") = "SanitationPortal.Service", "SanitationPortal.Service\SanitationPortal.Service.csproj", "{C9317EAE-B4A9-4F59-BB84-4323E658BF90}"
EndProject
Project("{9A19103F-16F7-4668-BE54-9A1E7A4F7556}") = "Sanitation.API", "Sanitation.API\Sanitation.API.csproj", "{9339F9A2-6EED-4F25-AAA2-C9E7AB1DCD5E}"
EndProject
Project("{FAE04EC0-301F-11D3-BF4B-00C04F79EFBC}") = "Sanitation.API.Client", "Sanitation.API.Client\Sanitation.API.Client.csproj", "{884BB740-C0C4-4C40-A3B8-1B83FC313E30}"
EndProject
Project("{2150E333-8FDC-42A3-9474-1A3956D46DE8}") = "App", "App", "{9E5D9F80-ED22-4EF4-A7F7-4970A1BA9229}"
EndProject
Project("{FAE04EC0-301F-11D3-BF4B-00C04F79EFBC}") = "SanitationApp", "SanitationApp\SanitationApp.csproj", "{5A741F27-0865-489B-A848-554BB24E0E0D}"
EndProject
Global
	GlobalSection(SolutionConfigurationPlatforms) = preSolution
		Debug|Any CPU = Debug|Any CPU
		Release|Any CPU = Release|Any CPU
	EndGlobalSection
	GlobalSection(ProjectConfigurationPlatforms) = postSolution
		{7575AAF2-57A5-41E1-B957-A732FF366682}.Debug|Any CPU.ActiveCfg = Debug|Any CPU
		{7575AAF2-57A5-41E1-B957-A732FF366682}.Debug|Any CPU.Build.0 = Debug|Any CPU
		{7575AAF2-57A5-41E1-B957-A732FF366682}.Release|Any CPU.ActiveCfg = Release|Any CPU
		{7575AAF2-57A5-41E1-B957-A732FF366682}.Release|Any CPU.Build.0 = Release|Any CPU
		{9495CC7C-5C9E-48B1-848A-965F1D7E40C6}.Debug|Any CPU.ActiveCfg = Debug|Any CPU
		{9495CC7C-5C9E-48B1-848A-965F1D7E40C6}.Debug|Any CPU.Build.0 = Debug|Any CPU
		{9495CC7C-5C9E-48B1-848A-965F1D7E40C6}.Release|Any CPU.ActiveCfg = Release|Any CPU
		{9495CC7C-5C9E-48B1-848A-965F1D7E40C6}.Release|Any CPU.Build.0 = Release|Any CPU
		{5A0B08B6-F60B-4644-834A-4E35FF4E3BE2}.Debug|Any CPU.ActiveCfg = Debug|Any CPU
		{5A0B08B6-F60B-4644-834A-4E35FF4E3BE2}.Debug|Any CPU.Build.0 = Debug|Any CPU
		{5A0B08B6-F60B-4644-834A-4E35FF4E3BE2}.Release|Any CPU.ActiveCfg = Release|Any CPU
		{5A0B08B6-F60B-4644-834A-4E35FF4E3BE2}.Release|Any CPU.Build.0 = Release|Any CPU
		{C9317EAE-B4A9-4F59-BB84-4323E658BF90}.Debug|Any CPU.ActiveCfg = Debug|Any CPU
		{C9317EAE-B4A9-4F59-BB84-4323E658BF90}.Debug|Any CPU.Build.0 = Debug|Any CPU
		{C9317EAE-B4A9-4F59-BB84-4323E658BF90}.Release|Any CPU.ActiveCfg = Release|Any CPU
		{C9317EAE-B4A9-4F59-BB84-4323E658BF90}.Release|Any CPU.Build.0 = Release|Any CPU
		{9339F9A2-6EED-4F25-AAA2-C9E7AB1DCD5E}.Debug|Any CPU.ActiveCfg = Debug|Any CPU
		{9339F9A2-6EED-4F25-AAA2-C9E7AB1DCD5E}.Debug|Any CPU.Build.0 = Debug|Any CPU
		{9339F9A2-6EED-4F25-AAA2-C9E7AB1DCD5E}.Release|Any CPU.ActiveCfg = Release|Any CPU
		{9339F9A2-6EED-4F25-AAA2-C9E7AB1DCD5E}.Release|Any CPU.Build.0 = Release|Any CPU
		{884BB740-C0C4-4C40-A3B8-1B83FC313E30}.Debug|Any CPU.ActiveCfg = Debug|Any CPU
		{884BB740-C0C4-4C40-A3B8-1B83FC313E30}.Debug|Any CPU.Build.0 = Debug|Any CPU
		{884BB740-C0C4-4C40-A3B8-1B83FC313E30}.Release|Any CPU.ActiveCfg = Release|Any CPU
		{884BB740-C0C4-4C40-A3B8-1B83FC313E30}.Release|Any CPU.Build.0 = Release|Any CPU
		{5A741F27-0865-489B-A848-554BB24E0E0D}.Debug|Any CPU.ActiveCfg = Debug|Any CPU
		{5A741F27-0865-489B-A848-554BB24E0E0D}.Debug|Any CPU.Build.0 = Debug|Any CPU
		{5A741F27-0865-489B-A848-554BB24E0E0D}.Debug|Any CPU.Deploy.0 = Debug|Any CPU
		{5A741F27-0865-489B-A848-554BB24E0E0D}.Release|Any CPU.ActiveCfg = Release|Any CPU
		{5A741F27-0865-489B-A848-554BB24E0E0D}.Release|Any CPU.Build.0 = Release|Any CPU
		{5A741F27-0865-489B-A848-554BB24E0E0D}.Release|Any CPU.Deploy.0 = Release|Any CPU
	EndGlobalSection
	GlobalSection(SolutionProperties) = preSolution
		HideSolutionNode = FALSE
	EndGlobalSection
	GlobalSection(NestedProjects) = preSolution
		{5A741F27-0865-489B-A848-554BB24E0E0D} = {9E5D9F80-ED22-4EF4-A7F7-4970A1BA9229}
	EndGlobalSection
	GlobalSection(ExtensibilityGlobals) = postSolution
		SolutionGuid = {82B192F2-64CF-4CE8-8FB3-7D227674DBB0}
	EndGlobalSection
EndGlobal
